
Microsoft Visual Studio Solution File, Format Version 12.00
# Visual Studio Version 17
VisualStudioVersion = 17.14.36705.20
MinimumVisualStudioVersion = 10.0.40219.1
Project("{FAE04EC0-301F-11D3-BF4B-00C04F79EFBC}") = "StreetFighter_2ITC", "StreetFighter_2ITC\StreetFighter_2ITC.csproj", "{4F2EF113-AD2F-42C4-ABFB-C8F74FB879C0}"
EndProject
Project("{FAE04EC0-301F-11D3-BF4B-00C04F79EFBC}") = "SF_BaseTypesControls", "SF_BaseTypesControls\SF_BaseTypesControls.csproj", "{A8A09B48-1E31-4762-956B-8CA79BFE4FD5}"
EndProject
Global
	GlobalSection(SolutionConfigurationPlatforms) = preSolution
		Debug|Any CPU = Debug|Any CPU
		Release|Any CPU = Release|Any CPU
	EndGlobalSection
	GlobalSection(ProjectConfigurationPlatforms) = postSolution
		{4F2EF113-AD2F-42C4-ABFB-C8F74FB879C0}.Debug|Any CPU.ActiveCfg = Debug|Any CPU
		{4F2EF113-AD2F-42C4-ABFB-C8F74FB879C0}.Debug|Any CPU.Build.0 = Debug|Any CPU
		{4F2EF113-AD2F-42C4-ABFB-C8F74FB879C0}.Release|Any CPU.ActiveCfg = Release|Any CPU
		{4F2EF113-AD2F-42C4-ABFB-C8F74FB879C0}.Release|Any CPU.Build.0 = Release|Any CPU
		{A8A09B48-1E31-4762-956B-8CA79BFE4FD5}.Debug|Any CPU.ActiveCfg = Debug|Any CPU
		{A8A09B48-1E31-4762-956B-8CA79BFE4FD5}.Debug|Any CPU.Build.0 = Debug|Any CPU
		{A8A09B48-1E31-4762-956B-8CA79BFE4FD5}.Release|Any CPU.ActiveCfg = Release|Any CPU
		{A8A09B48-1E31-4762-956B-8CA79BFE4FD5}.Release|Any CPU.Build.0 = Release|Any CPU
	EndGlobalSection
	GlobalSection(SolutionProperties) = preSolution
		HideSolutionNode = FALSE
	EndGlobalSection
	GlobalSection(ExtensibilityGlobals) = postSolution
		SolutionGuid = {32FD649B-0DE7-4AB2-8C29-0BB37AB1EDC0}
	EndGlobalSection
EndGlobal
